
Microsoft Visual Studio Solution File, Format Version 12.00
# Visual Studio Version 17
VisualStudioVersion = 17.14.36623.8
MinimumVisualStudioVersion = 10.0.40219.1
Project("{FAE04EC0-301F-11D3-BF4B-00C04F79EFBC}") = "JavidanHR.WebHost", "JavidanHR.WebHost\JavidanHR.WebHost.csproj", "{60052E99-508E-4FF2-80BB-87FC537CC311}"
EndProject
Project("{FAE04EC0-301F-11D3-BF4B-00C04F79EFBC}") = "AuthenticationSystem", "AuthenticationSystem\AuthenticationSystem.csproj", "{941EC604-0C5A-4F14-AEF8-2D3A08A88C2B}"
EndProject
Project("{FAE04EC0-301F-11D3-BF4B-00C04F79EFBC}") = "0_Framework", "0_Framework\0_Framework.csproj", "{5DC7BB28-B64C-42DF-8ED5-0093FB71A8F4}"
EndProject
Project("{2150E333-8FDC-42A3-9474-1A3956D46DE8}") = "HR_System", "HR_System", "{02EA681E-C7D8-13C7-8484-4AC65E1B71E8}"
EndProject
Project("{FAE04EC0-301F-11D3-BF4B-00C04F79EFBC}") = "HrSystem.Domain", "HrSystem.Domain\HrSystem.Domain.csproj", "{5F9D2BB2-6180-4916-932E-928D46A62A59}"
EndProject
Project("{FAE04EC0-301F-11D3-BF4B-00C04F79EFBC}") = "HrSystem.Infrastructure", "HrSystem.Infrastructure\HrSystem.Infrastructure.csproj", "{3B74C496-9E66-44EA-A24A-58F4316CA4A8}"
EndProject
Project("{FAE04EC0-301F-11D3-BF4B-00C04F79EFBC}") = "HrSystem.Application", "HrSystem.Application\HrSystem.Application.csproj", "{7B4FFF75-8AF8-41A1-804D-030FF434DBCA}"
EndProject
Project("{2150E333-8FDC-42A3-9474-1A3956D46DE8}") = "Attendance_System", "Attendance_System", "{D5B2D691-54AA-47C2-8F3D-FE1CE4EC9B6E}"
EndProject
Project("{FAE04EC0-301F-11D3-BF4B-00C04F79EFBC}") = "AttendanceSystem.Domain", "AttendanceSystem.Domain\AttendanceSystem.Domain.csproj", "{3031640D-2BEF-4E8F-A52D-80ACC74EEB9A}"
EndProject
Project("{FAE04EC0-301F-11D3-BF4B-00C04F79EFBC}") = "AttendanceSystem.Infrastructure", "AttendanceSystem.Infrastructure\AttendanceSystem.Infrastructure.csproj", "{9349144D-44ED-43E5-A8DD-64FEFCBBD487}"
EndProject
Project("{FAE04EC0-301F-11D3-BF4B-00C04F79EFBC}") = "AttendanceSystem.Application", "AttendanceSystem.Application\AttendanceSystem.Application.csproj", "{D9C87D02-0749-45D2-97E1-D0CC7F77B659}"
EndProject
Project("{2150E333-8FDC-42A3-9474-1A3956D46DE8}") = "Payroll_System", "Payroll_System", "{15636871-FC73-42CA-AA28-517F2A52316E}"
EndProject
Project("{FAE04EC0-301F-11D3-BF4B-00C04F79EFBC}") = "PayrollSystem.Domain", "PayrollSystem.Domain\PayrollSystem.Domain.csproj", "{112558BC-4C5E-47DC-BA49-A1C133E349CB}"
EndProject
Project("{FAE04EC0-301F-11D3-BF4B-00C04F79EFBC}") = "PayrollSystem.Application", "PayrollSystem.Application\PayrollSystem.Application.csproj", "{B586E25F-BAF2-43DE-BFF2-6B3D96631CDC}"
EndProject
Project("{FAE04EC0-301F-11D3-BF4B-00C04F79EFBC}") = "PayrollSystem.Infrastructure", "PayrollSystem.Infrastructure\PayrollSystem.Infrastructure.csproj", "{DF26505F-751E-4916-82A1-1106E229AE9A}"
EndProject
Global
	GlobalSection(SolutionConfigurationPlatforms) = preSolution
		Debug|Any CPU = Debug|Any CPU
		Release|Any CPU = Release|Any CPU
	EndGlobalSection
	GlobalSection(ProjectConfigurationPlatforms) = postSolution
		{60052E99-508E-4FF2-80BB-87FC537CC311}.Debug|Any CPU.ActiveCfg = Debug|Any CPU
		{60052E99-508E-4FF2-80BB-87FC537CC311}.Debug|Any CPU.Build.0 = Debug|Any CPU
		{60052E99-508E-4FF2-80BB-87FC537CC311}.Release|Any CPU.ActiveCfg = Release|Any CPU
		{60052E99-508E-4FF2-80BB-87FC537CC311}.Release|Any CPU.Build.0 = Release|Any CPU
		{941EC604-0C5A-4F14-AEF8-2D3A08A88C2B}.Debug|Any CPU.ActiveCfg = Debug|Any CPU
		{941EC604-0C5A-4F14-AEF8-2D3A08A88C2B}.Debug|Any CPU.Build.0 = Debug|Any CPU
		{941EC604-0C5A-4F14-AEF8-2D3A08A88C2B}.Release|Any CPU.ActiveCfg = Release|Any CPU
		{941EC604-0C5A-4F14-AEF8-2D3A08A88C2B}.Release|Any CPU.Build.0 = Release|Any CPU
		{5DC7BB28-B64C-42DF-8ED5-0093FB71A8F4}.Debug|Any CPU.ActiveCfg = Debug|Any CPU
		{5DC7BB28-B64C-42DF-8ED5-0093FB71A8F4}.Debug|Any CPU.Build.0 = Debug|Any CPU
		{5DC7BB28-B64C-42DF-8ED5-0093FB71A8F4}.Release|Any CPU.ActiveCfg = Release|Any CPU
		{5DC7BB28-B64C-42DF-8ED5-0093FB71A8F4}.Release|Any CPU.Build.0 = Release|Any CPU
		{5F9D2BB2-6180-4916-932E-928D46A62A59}.Debug|Any CPU.ActiveCfg = Debug|Any CPU
		{5F9D2BB2-6180-4916-932E-928D46A62A59}.Debug|Any CPU.Build.0 = Debug|Any CPU
		{5F9D2BB2-6180-4916-932E-928D46A62A59}.Release|Any CPU.ActiveCfg = Release|Any CPU
		{5F9D2BB2-6180-4916-932E-928D46A62A59}.Release|Any CPU.Build.0 = Release|Any CPU
		{3B74C496-9E66-44EA-A24A-58F4316CA4A8}.Debug|Any CPU.ActiveCfg = Debug|Any CPU
		{3B74C496-9E66-44EA-A24A-58F4316CA4A8}.Debug|Any CPU.Build.0 = Debug|Any CPU
		{3B74C496-9E66-44EA-A24A-58F4316CA4A8}.Release|Any CPU.ActiveCfg = Release|Any CPU
		{3B74C496-9E66-44EA-A24A-58F4316CA4A8}.Release|Any CPU.Build.0 = Release|Any CPU
		{7B4FFF75-8AF8-41A1-804D-030FF434DBCA}.Debug|Any CPU.ActiveCfg = Debug|Any CPU
		{7B4FFF75-8AF8-41A1-804D-030FF434DBCA}.Debug|Any CPU.Build.0 = Debug|Any CPU
		{7B4FFF75-8AF8-41A1-804D-030FF434DBCA}.Release|Any CPU.ActiveCfg = Release|Any CPU
		{7B4FFF75-8AF8-41A1-804D-030FF434DBCA}.Release|Any CPU.Build.0 = Release|Any CPU
		{3031640D-2BEF-4E8F-A52D-80ACC74EEB9A}.Debug|Any CPU.ActiveCfg = Debug|Any CPU
		{3031640D-2BEF-4E8F-A52D-80ACC74EEB9A}.Debug|Any CPU.Build.0 = Debug|Any CPU
		{3031640D-2BEF-4E8F-A52D-80ACC74EEB9A}.Release|Any CPU.ActiveCfg = Release|Any CPU
		{3031640D-2BEF-4E8F-A52D-80ACC74EEB9A}.Release|Any CPU.Build.0 = Release|Any CPU
		{9349144D-44ED-43E5-A8DD-64FEFCBBD487}.Debug|Any CPU.ActiveCfg = Debug|Any CPU
		{9349144D-44ED-43E5-A8DD-64FEFCBBD487}.Debug|Any CPU.Build.0 = Debug|Any CPU
		{9349144D-44ED-43E5-A8DD-64FEFCBBD487}.Release|Any CPU.ActiveCfg = Release|Any CPU
		{9349144D-44ED-43E5-A8DD-64FEFCBBD487}.Release|Any CPU.Build.0 = Release|Any CPU
		{D9C87D02-0749-45D2-97E1-D0CC7F77B659}.Debug|Any CPU.ActiveCfg = Debug|Any CPU
		{D9C87D02-0749-45D2-97E1-D0CC7F77B659}.Debug|Any CPU.Build.0 = Debug|Any CPU
		{D9C87D02-0749-45D2-97E1-D0CC7F77B659}.Release|Any CPU.ActiveCfg = Release|Any CPU
		{D9C87D02-0749-45D2-97E1-D0CC7F77B659}.Release|Any CPU.Build.0 = Release|Any CPU
		{112558BC-4C5E-47DC-BA49-A1C133E349CB}.Debug|Any CPU.ActiveCfg = Debug|Any CPU
		{112558BC-4C5E-47DC-BA49-A1C133E349CB}.Debug|Any CPU.Build.0 = Debug|Any CPU
		{112558BC-4C5E-47DC-BA49-A1C133E349CB}.Release|Any CPU.ActiveCfg = Release|Any CPU
		{112558BC-4C5E-47DC-BA49-A1C133E349CB}.Release|Any CPU.Build.0 = Release|Any CPU
		{B586E25F-BAF2-43DE-BFF2-6B3D96631CDC}.Debug|Any CPU.ActiveCfg = Debug|Any CPU
		{B586E25F-BAF2-43DE-BFF2-6B3D96631CDC}.Debug|Any CPU.Build.0 = Debug|Any CPU
		{B586E25F-BAF2-43DE-BFF2-6B3D96631CDC}.Release|Any CPU.ActiveCfg = Release|Any CPU
		{B586E25F-BAF2-43DE-BFF2-6B3D96631CDC}.Release|Any CPU.Build.0 = Release|Any CPU
		{DF26505F-751E-4916-82A1-1106E229AE9A}.Debug|Any CPU.ActiveCfg = Debug|Any CPU
		{DF26505F-751E-4916-82A1-1106E229AE9A}.Debug|Any CPU.Build.0 = Debug|Any CPU
		{DF26505F-751E-4916-82A1-1106E229AE9A}.Release|Any CPU.ActiveCfg = Release|Any CPU
		{DF26505F-751E-4916-82A1-1106E229AE9A}.Release|Any CPU.Build.0 = Release|Any CPU
	EndGlobalSection
	GlobalSection(SolutionProperties) = preSolution
		HideSolutionNode = FALSE
	EndGlobalSection
	GlobalSection(NestedProjects) = preSolution
		{5F9D2BB2-6180-4916-932E-928D46A62A59} = {02EA681E-C7D8-13C7-8484-4AC65E1B71E8}
		{3B74C496-9E66-44EA-A24A-58F4316CA4A8} = {02EA681E-C7D8-13C7-8484-4AC65E1B71E8}
		{7B4FFF75-8AF8-41A1-804D-030FF434DBCA} = {02EA681E-C7D8-13C7-8484-4AC65E1B71E8}
		{3031640D-2BEF-4E8F-A52D-80ACC74EEB9A} = {D5B2D691-54AA-47C2-8F3D-FE1CE4EC9B6E}
		{9349144D-44ED-43E5-A8DD-64FEFCBBD487} = {D5B2D691-54AA-47C2-8F3D-FE1CE4EC9B6E}
		{D9C87D02-0749-45D2-97E1-D0CC7F77B659} = {D5B2D691-54AA-47C2-8F3D-FE1CE4EC9B6E}
		{112558BC-4C5E-47DC-BA49-A1C133E349CB} = {15636871-FC73-42CA-AA28-517F2A52316E}
		{B586E25F-BAF2-43DE-BFF2-6B3D96631CDC} = {15636871-FC73-42CA-AA28-517F2A52316E}
		{DF26505F-751E-4916-82A1-1106E229AE9A} = {15636871-FC73-42CA-AA28-517F2A52316E}
	EndGlobalSection
	GlobalSection(ExtensibilityGlobals) = postSolution
		SolutionGuid = {C5177A6F-33F0-46CD-B31D-3D403E063A5A}
	EndGlobalSection
EndGlobal
